PODS:
  - Alamofire (5.6.4)
  - AlamofireImage (4.2.0):
    - Alamofire (~> 5.4)
  - CocoaLumberjack (3.8.0):
    - CocoaLumberjack/Core (= 3.8.0)
  - CocoaLumberjack/Core (3.8.0)
  - SDWebImage (5.14.2):
    - SDWebImage/Core (= 5.14.2)
  - SDWebImage/Core (5.14.2)
  - SDWebImageSVGCoder (1.7.0):
    - SDWebImage/Core (~> 5.6)
  - SVGKit (3.0.0):
    - CocoaLumberjack (~> 3.0)
  - SwiftSVG (2.3.2)

DEPENDENCIES:
  - Alamofire
  - AlamofireImage (~> 4.1)
  - SDWebImage (~> 5.0)
  - SDWebImageSVGCoder
  - SVGKit
  - SwiftSVG (~> 2.0)

SPEC REPOS:
  trunk:
    - Alamofire
    - AlamofireImage
    - CocoaLumberjack
    - SDWebImage
    - SDWebImageSVGCoder
    - SVGKit
    - SwiftSVG

SPEC CHECKSUMS:
  Alamofire: 4e95d97098eacb88856099c4fc79b526a299e48c
  AlamofireImage: 34a2d90b0e5fe6a5605f85ae4b7b01e784c60192
  CocoaLumberjack: 78abfb691154e2a9df8ded4350d504ee19d90732
  SDWebImage: b9a731e1d6307f44ca703b3976d18c24ca561e84
  SDWebImageSVGCoder: 15a300a97ec1c8ac958f009c02220ac0402e936c
  SVGKit: 1ad7513f8c74d9652f94ed64ddecda1a23864dea
  SwiftSVG: ca7f64e403b8ea7ea8eba8c823b83ba4a059834c

PODFILE CHECKSUM: 97594c0cd6706b68afc78f58d1099d3d27dccd67

COCOAPODS: 1.12.1
